dependencies:
- name: tracetest-core
  repository: file://../tracetest-core
  version: v1.2.0
- name: tracetest-cloud
  repository: file://../tracetest-cloud
  version: v1.2.0
- name: tracetest-agent-operator
  repository: file://../tracetest-agent-operator
  version: v1.1.0
- name: tracetest-auth
  repository: file://../tracetest-auth
  version: v1.0.0
- name: nats
  repository: https://nats-io.github.io/k8s/helm/charts/
  version: 1.1.11
digest: sha256:d8c9e5c27b3d353dbaa706b6e110b802bf68b099d44da000b589b0b7632ec7b7
generated: "2024-06-25T14:57:45.473169-03:00"
